// !$*UTF8*$!
{
	archiveVersion = 1;
	classes = {
	};
	objectVersion = 46;
	objects = {

/* Begin PBXBuildFile section */
		1440EF581D67D2D800ECFD5B /* CustomLabel.swift in Sources */ = {isa = PBXBuildFile; fileRef = 1440EF571D67D2D800ECFD5B /* CustomLabel.swift */; };
		1440EF5B1D685ABC00ECFD5B /* CustomButtonExampleViewController.swift in Sources */ = {isa = PBXBuildFile; fileRef = 1440EF5A1D685ABC00ECFD5B /* CustomButtonExampleViewController.swift */; };
		1440EF5D1D685B1300ECFD5B /* CustomButton.swift in Sources */ = {isa = PBXBuildFile; fileRef = 1440EF5C1D685B1300ECFD5B /* CustomButton.swift */; };
		147056801D6766F700C0F74B /* AppDelegate.swift in Sources */ = {isa = PBXBuildFile; fileRef = 1470567F1D6766F700C0F74B /* AppDelegate.swift */; };
		147056871D6766F700C0F74B /* Assets.xcassets in Resources */ = {isa = PBXBuildFile; fileRef = 147056861D6766F700C0F74B /* Assets.xcassets */; };
		1470568A1D6766F700C0F74B /* LaunchScreen.storyboard in Resources */ = {isa = PBXBuildFile; fileRef = 147056881D6766F700C0F74B /* LaunchScreen.storyboard */; };
		147056951D6766F800C0F74B /* QponyInterviewAppTests.swift in Sources */ = {isa = PBXBuildFile; fileRef = 147056941D6766F800C0F74B /* QponyInterviewAppTests.swift */; };
		147056A01D6766F800C0F74B /* QponyInterviewAppUITests.swift in Sources */ = {isa = PBXBuildFile; fileRef = 1470569F1D6766F800C0F74B /* QponyInterviewAppUITests.swift */; };
		147056AF1D67687F00C0F74B /* Constants.swift in Sources */ = {isa = PBXBuildFile; fileRef = 147056AD1D67687F00C0F74B /* Constants.swift */; };
		147056B01D67687F00C0F74B /* Extensions.swift in Sources */ = {isa = PBXBuildFile; fileRef = 147056AE1D67687F00C0F74B /* Extensions.swift */; };
		147056B51D67695200C0F74B /* Network.swift in Sources */ = {isa = PBXBuildFile; fileRef = 147056B31D67695200C0F74B /* Network.swift */; };
		147056B61D67695200C0F74B /* ErrorHandler.swift in Sources */ = {isa = PBXBuildFile; fileRef = 147056B41D67695200C0F74B /* ErrorHandler.swift */; };
		147056B91D67697300C0F74B /* ResponseModel.swift in Sources */ = {isa = PBXBuildFile; fileRef = 147056B81D67697300C0F74B /* ResponseModel.swift */; };
		147056BC1D676CCB00C0F74B /* ForecastViewController.swift in Sources */ = {isa = PBXBuildFile; fileRef = 147056BB1D676CCB00C0F74B /* ForecastViewController.swift */; };
		14CF68E11D677D2100CCD7F5 /* CityModel.swift in Sources */ = {isa = PBXBuildFile; fileRef = 14CF68E01D677D2100CCD7F5 /* CityModel.swift */; };
		14CF68E31D677FE800CCD7F5 /* DayResultModel.swift in Sources */ = {isa = PBXBuildFile; fileRef = 14CF68E21D677FE800CCD7F5 /* DayResultModel.swift */; };
		14CF68E51D6783AE00CCD7F5 /* TemperatureModel.swift in Sources */ = {isa = PBXBuildFile; fileRef = 14CF68E41D6783AE00CCD7F5 /* TemperatureModel.swift */; };
		14CF68E71D678BE000CCD7F5 /* WeatherModel.swift in Sources */ = {isa = PBXBuildFile; fileRef = 14CF68E61D678BE000CCD7F5 /* WeatherModel.swift */; };
		14CF68E91D67A2B400CCD7F5 /* WeatherCollectionViewCell.swift in Sources */ = {isa = PBXBuildFile; fileRef = 14CF68E81D67A2B400CCD7F5 /* WeatherCollectionViewCell.swift */; };
		505B37579B31D32C3A2BCCAE /* Pods_QponyInterviewApp.framework in Frameworks */ = {isa = PBXBuildFile; fileRef = F0398878FD896FB462C64253 /* Pods_QponyInterviewApp.framework */; };
/* End PBXBuildFile section */

/* Begin PBXContainerItemProxy section */
		147056911D6766F800C0F74B /* PBXContainerItemProxy */ = {
			isa = PBXContainerItemProxy;
			containerPortal = 147056741D6766F700C0F74B /* Project object */;
			proxyType = 1;
			remoteGlobalIDString = 1470567B1D6766F700C0F74B;
			remoteInfo = QponyInterviewApp;
		};
		1470569C1D6766F800C0F74B /* PBXContainerItemProxy */ = {
			isa = PBXContainerItemProxy;
			containerPortal = 147056741D6766F700C0F74B /* Project object */;
			proxyType = 1;
			remoteGlobalIDString = 1470567B1D6766F700C0F74B;
			remoteInfo = QponyInterviewApp;
		};
/* End PBXContainerItemProxy section */

/* Begin PBXFileReference section */
		111E231BA26F8E5CC9BAE8AF /* Pods-QponyInterviewApp.debug.xcconfig */ = {isa = PBXFileReference; includeInIndex = 1; lastKnownFileType = text.xcconfig; name = "Pods-QponyInterviewApp.debug.xcconfig"; path = "Pods/Target Support Files/Pods-QponyInterviewApp/Pods-QponyInterviewApp.debug.xcconfig"; sourceTree = "<group>"; };
		1440EF571D67D2D800ECFD5B /* CustomLabel.swift */ = {isa = PBXFileReference; fileEncoding = 4; lastKnownFileType = sourcecode.swift; path = CustomLabel.swift; sourceTree = "<group>"; };
		1440EF5A1D685ABC00ECFD5B /* CustomButtonExampleViewController.swift */ = {isa = PBXFileReference; fileEncoding = 4; lastKnownFileType = sourcecode.swift; path = CustomButtonExampleViewController.swift; sourceTree = "<group>"; };
		1440EF5C1D685B1300ECFD5B /* CustomButton.swift */ = {isa = PBXFileReference; fileEncoding = 4; lastKnownFileType = sourcecode.swift; path = CustomButton.swift; sourceTree = "<group>"; };
		1470567C1D6766F700C0F74B /* QponyInterviewApp.app */ = {isa = PBXFileReference; explicitFileType = wrapper.application; includeInIndex = 0; path = QponyInterviewApp.app; sourceTree = BUILT_PRODUCTS_DIR; };
		1470567F1D6766F700C0F74B /* AppDelegate.swift */ = {isa = PBXFileReference; lastKnownFileType = sourcecode.swift; path = AppDelegate.swift; sourceTree = "<group>"; };
		147056861D6766F700C0F74B /* Assets.xcassets */ = {isa = PBXFileReference; lastKnownFileType = folder.assetcatalog; path = Assets.xcassets; sourceTree = "<group>"; };
		147056891D6766F700C0F74B /* Base */ = {isa = PBXFileReference; lastKnownFileType = file.storyboard; name = Base; path = Base.lproj/LaunchScreen.storyboard; sourceTree = "<group>"; };
		1470568B1D6766F700C0F74B /* Info.plist */ = {isa = PBXFileReference; lastKnownFileType = text.plist.xml; path = Info.plist; sourceTree = "<group>"; };
		147056901D6766F800C0F74B /* QponyInterviewAppTests.xctest */ = {isa = PBXFileReference; explicitFileType = wrapper.cfbundle; includeInIndex = 0; path = QponyInterviewAppTests.xctest; sourceTree = BUILT_PRODUCTS_DIR; };
		147056941D6766F800C0F74B /* QponyInterviewAppTests.swift */ = {isa = PBXFileReference; lastKnownFileType = sourcecode.swift; path = QponyInterviewAppTests.swift; sourceTree = "<group>"; };
		147056961D6766F800C0F74B /* Info.plist */ = {isa = PBXFileReference; lastKnownFileType = text.plist.xml; path = Info.plist; sourceTree = "<group>"; };
		1470569B1D6766F800C0F74B /* QponyInterviewAppUITests.xctest */ = {isa = PBXFileReference; explicitFileType = wrapper.cfbundle; includeInIndex = 0; path = QponyInterviewAppUITests.xctest; sourceTree = BUILT_PRODUCTS_DIR; };
		1470569F1D6766F800C0F74B /* QponyInterviewAppUITests.swift */ = {isa = PBXFileReference; lastKnownFileType = sourcecode.swift; path = QponyInterviewAppUITests.swift; sourceTree = "<group>"; };
		147056A11D6766F800C0F74B /* Info.plist */ = {isa = PBXFileReference; lastKnownFileType = text.plist.xml; path = Info.plist; sourceTree = "<group>"; };
		147056AD1D67687F00C0F74B /* Constants.swift */ = {isa = PBXFileReference; fileEncoding = 4; lastKnownFileType = sourcecode.swift; path = Constants.swift; sourceTree = "<group>"; };
		147056AE1D67687F00C0F74B /* Extensions.swift */ = {isa = PBXFileReference; fileEncoding = 4; lastKnownFileType = sourcecode.swift; path = Extensions.swift; sourceTree = "<group>"; };
		147056B31D67695200C0F74B /* Network.swift */ = {isa = PBXFileReference; fileEncoding = 4; lastKnownFileType = sourcecode.swift; path = Network.swift; sourceTree = "<group>"; };
		147056B41D67695200C0F74B /* ErrorHandler.swift */ = {isa = PBXFileReference; fileEncoding = 4; lastKnownFileType = sourcecode.swift; path = ErrorHandler.swift; sourceTree = "<group>"; };
		147056B81D67697300C0F74B /* ResponseModel.swift */ = {isa = PBXFileReference; fileEncoding = 4; lastKnownFileType = sourcecode.swift; path = ResponseModel.swift; sourceTree = "<group>"; };
		147056BB1D676CCB00C0F74B /* ForecastViewController.swift */ = {isa = PBXFileReference; fileEncoding = 4; lastKnownFileType = sourcecode.swift; path = ForecastViewController.swift; sourceTree = "<group>"; };
		14CF68E01D677D2100CCD7F5 /* CityModel.swift */ = {isa = PBXFileReference; fileEncoding = 4; lastKnownFileType = sourcecode.swift; path = CityModel.swift; sourceTree = "<group>"; };
		14CF68E21D677FE800CCD7F5 /* DayResultModel.swift */ = {isa = PBXFileReference; fileEncoding = 4; lastKnownFileType = sourcecode.swift; path = DayResultModel.swift; sourceTree = "<group>"; };
		14CF68E41D6783AE00CCD7F5 /* TemperatureModel.swift */ = {isa = PBXFileReference; fileEncoding = 4; lastKnownFileType = sourcecode.swift; path = TemperatureModel.swift; sourceTree = "<group>"; };
		14CF68E61D678BE000CCD7F5 /* WeatherModel.swift */ = {isa = PBXFileReference; fileEncoding = 4; lastKnownFileType = sourcecode.swift; path = WeatherModel.swift; sourceTree = "<group>"; };
		14CF68E81D67A2B400CCD7F5 /* WeatherCollectionViewCell.swift */ = {isa = PBXFileReference; fileEncoding = 4; lastKnownFileType = sourcecode.swift; path = WeatherCollectionViewCell.swift; sourceTree = "<group>"; };
		2D736EFAE2B41AE63FCC872F /* Pods-QponyInterviewApp.release.xcconfig */ = {isa = PBXFileReference; includeInIndex = 1; lastKnownFileType = text.xcconfig; name = "Pods-QponyInterviewApp.release.xcconfig"; path = "Pods/Target Support Files/Pods-QponyInterviewApp/Pods-QponyInterviewApp.release.xcconfig"; sourceTree = "<group>"; };
		F0398878FD896FB462C64253 /* Pods_QponyInterviewApp.framework */ = {isa = PBXFileReference; explicitFileType = wrapper.framework; includeInIndex = 0; path = Pods_QponyInterviewApp.framework; sourceTree = BUILT_PRODUCTS_DIR; };
/* End PBXFileReference section */

/* Begin PBXFrameworksBuildPhase section */
		147056791D6766F700C0F74B /* Frameworks */ = {
			isa = PBXFrameworksBuildPhase;
			buildActionMask = 2147483647;
			files = (
				505B37579B31D32C3A2BCCAE /* Pods_QponyInterviewApp.framework in Frameworks */,
			);
			runOnlyForDeploymentPostprocessing = 0;
		};
		1470568D1D6766F800C0F74B /* Frameworks */ = {
			isa = PBXFrameworksBuildPhase;
			buildActionMask = 2147483647;
			files = (
			);
			runOnlyForDeploymentPostprocessing = 0;
		};
		147056981D6766F800C0F74B /* Frameworks */ = {
			isa = PBXFrameworksBuildPhase;
			buildActionMask = 2147483647;
			files = (
			);
			runOnlyForDeploymentPostprocessing = 0;
		};
/* End PBXFrameworksBuildPhase section */

/* Begin PBXGroup section */
		1440EF591D67E71E00ECFD5B /* Custom UI Elements */ = {
			isa = PBXGroup;
			children = (
				1440EF571D67D2D800ECFD5B /* CustomLabel.swift */,
				1440EF5C1D685B1300ECFD5B /* CustomButton.swift */,
			);
			name = "Custom UI Elements";
			sourceTree = "<group>";
		};
		147056731D6766F700C0F74B = {
			isa = PBXGroup;
			children = (
				1470567E1D6766F700C0F74B /* QponyInterviewApp */,
				147056931D6766F800C0F74B /* QponyInterviewAppTests */,
				1470569E1D6766F800C0F74B /* QponyInterviewAppUITests */,
				1470567D1D6766F700C0F74B /* Products */,
				F731DD38D8BC79636E1B6592 /* Pods */,
				320E46A49C848B33868F7B96 /* Frameworks */,
			);
			sourceTree = "<group>";
		};
		1470567D1D6766F700C0F74B /* Products */ = {
			isa = PBXGroup;
			children = (
				1470567C1D6766F700C0F74B /* QponyInterviewApp.app */,
				147056901D6766F800C0F74B /* QponyInterviewAppTests.xctest */,
				1470569B1D6766F800C0F74B /* QponyInterviewAppUITests.xctest */,
			);
			name = Products;
			sourceTree = "<group>";
		};
		1470567E1D6766F700C0F74B /* QponyInterviewApp */ = {
			isa = PBXGroup;
			children = (
				147056B11D6768DE00C0F74B /* Config */,
				147056BD1D676CD300C0F74B /* ViewControllers */,
				14CF68EA1D67A2BE00CCD7F5 /* Cells */,
				1440EF591D67E71E00ECFD5B /* Custom UI Elements */,
				147056BA1D67697800C0F74B /* Models */,
				147056B71D67695A00C0F74B /* Network */,
				147056B21D6768E800C0F74B /* Resources */,
			);
			path = QponyInterviewApp;
			sourceTree = "<group>";
		};
		147056931D6766F800C0F74B /* QponyInterviewAppTests */ = {
			isa = PBXGroup;
			children = (
				147056941D6766F800C0F74B /* QponyInterviewAppTests.swift */,
				147056961D6766F800C0F74B /* Info.plist */,
			);
			path = QponyInterviewAppTests;
			sourceTree = "<group>";
		};
		1470569E1D6766F800C0F74B /* QponyInterviewAppUITests */ = {
			isa = PBXGroup;
			children = (
				1470569F1D6766F800C0F74B /* QponyInterviewAppUITests.swift */,
				147056A11D6766F800C0F74B /* Info.plist */,
			);
			path = QponyInterviewAppUITests;
			sourceTree = "<group>";
		};
		147056B11D6768DE00C0F74B /* Config */ = {
			isa = PBXGroup;
			children = (
				1470567F1D6766F700C0F74B /* AppDelegate.swift */,
				147056AD1D67687F00C0F74B /* Constants.swift */,
				147056AE1D67687F00C0F74B /* Extensions.swift */,
			);
			name = Config;
			sourceTree = "<group>";
		};
		147056B21D6768E800C0F74B /* Resources */ = {
			isa = PBXGroup;
			children = (
				147056861D6766F700C0F74B /* Assets.xcassets */,
				147056881D6766F700C0F74B /* LaunchScreen.storyboard */,
				1470568B1D6766F700C0F74B /* Info.plist */,
			);
			name = Resources;
			sourceTree = "<group>";
		};
		147056B71D67695A00C0F74B /* Network */ = {
			isa = PBXGroup;
			children = (
				147056B31D67695200C0F74B /* Network.swift */,
				147056B41D67695200C0F74B /* ErrorHandler.swift */,
			);
			name = Network;
			sourceTree = "<group>";
		};
		147056BA1D67697800C0F74B /* Models */ = {
			isa = PBXGroup;
			children = (
				147056B81D67697300C0F74B /* ResponseModel.swift */,
				14CF68E01D677D2100CCD7F5 /* CityModel.swift */,
				14CF68E21D677FE800CCD7F5 /* DayResultModel.swift */,
				14CF68E41D6783AE00CCD7F5 /* TemperatureModel.swift */,
				14CF68E61D678BE000CCD7F5 /* WeatherModel.swift */,
			);
			name = Models;
			sourceTree = "<group>";
		};
		147056BD1D676CD300C0F74B /* ViewControllers */ = {
			isa = PBXGroup;
			children = (
				147056BB1D676CCB00C0F74B /* ForecastViewController.swift */,
				1440EF5A1D685ABC00ECFD5B /* CustomButtonExampleViewController.swift */,
			);
			name = ViewControllers;
			sourceTree = "<group>";
		};
		14CF68EA1D67A2BE00CCD7F5 /* Cells */ = {
			isa = PBXGroup;
			children = (
				14CF68E81D67A2B400CCD7F5 /* WeatherCollectionViewCell.swift */,
			);
			name = Cells;
			sourceTree = "<group>";
		};
		320E46A49C848B33868F7B96 /* Frameworks */ = {
			isa = PBXGroup;
			children = (
				F0398878FD896FB462C64253 /* Pods_QponyInterviewApp.framework */,
			);
			name = Frameworks;
			sourceTree = "<group>";
		};
		F731DD38D8BC79636E1B6592 /* Pods */ = {
			isa = PBXGroup;
			children = (
				111E231BA26F8E5CC9BAE8AF /* Pods-QponyInterviewApp.debug.xcconfig */,
				2D736EFAE2B41AE63FCC872F /* Pods-QponyInterviewApp.release.xcconfig */,
			);
			name = Pods;
			sourceTree = "<group>";
		};
/* End PBXGroup section */

/* Begin PBXNativeTarget section */
		1470567B1D6766F700C0F74B /* QponyInterviewApp */ = {
			isa = PBXNativeTarget;
			buildConfigurationList = 147056A41D6766F800C0F74B /* Build configuration list for PBXNativeTarget "QponyInterviewApp" */;
			buildPhases = (
				C829EC8658306A28E5B9A9ED /* [CP] Check Pods Manifest.lock */,
				147056781D6766F700C0F74B /* Sources */,
				147056791D6766F700C0F74B /* Frameworks */,
				1470567A1D6766F700C0F74B /* Resources */,
				E2B36E8A67BB039A0EFF1173 /* [CP] Embed Pods Frameworks */,
				F8CE41237E28A161272B76A5 /* [CP] Copy Pods Resources */,
			);
			buildRules = (
			);
			dependencies = (
			);
			name = QponyInterviewApp;
			productName = QponyInterviewApp;
			productReference = 1470567C1D6766F700C0F74B /* QponyInterviewApp.app */;
			productType = "com.apple.product-type.application";
		};
		1470568F1D6766F800C0F74B /* QponyInterviewAppTests */ = {
			isa = PBXNativeTarget;
			buildConfigurationList = 147056A71D6766F800C0F74B /* Build configuration list for PBXNativeTarget "QponyInterviewAppTests" */;
			buildPhases = (
				1470568C1D6766F800C0F74B /* Sources */,
				1470568D1D6766F800C0F74B /* Frameworks */,
				1470568E1D6766F800C0F74B /* Resources */,
			);
			buildRules = (
			);
			dependencies = (
				147056921D6766F800C0F74B /* PBXTargetDependency */,
			);
			name = QponyInterviewAppTests;
			productName = QponyInterviewAppTests;
			productReference = 147056901D6766F800C0F74B /* QponyInterviewAppTests.xctest */;
			productType = "com.apple.product-type.bundle.unit-test";
		};
		1470569A1D6766F800C0F74B /* QponyInterviewAppUITests */ = {
			isa = PBXNativeTarget;
			buildConfigurationList = 147056AA1D6766F800C0F74B /* Build configuration list for PBXNativeTarget "QponyInterviewAppUITests" */;
			buildPhases = (
				147056971D6766F800C0F74B /* Sources */,
				147056981D6766F800C0F74B /* Frameworks */,
				147056991D6766F800C0F74B /* Resources */,
			);
			buildRules = (
			);
			dependencies = (
				1470569D1D6766F800C0F74B /* PBXTargetDependency */,
			);
			name = QponyInterviewAppUITests;
			productName = QponyInterviewAppUITests;
			productReference = 1470569B1D6766F800C0F74B /* QponyInterviewAppUITests.xctest */;
			productType = "com.apple.product-type.bundle.ui-testing";
		};
/* End PBXNativeTarget section */

/* Begin PBXProject section */
		147056741D6766F700C0F74B /* Project object */ = {
			isa = PBXProject;
			attributes = {
				LastSwiftUpdateCheck = 0730;
				LastUpgradeCheck = 0730;
				ORGANIZATIONNAME = "Maciej Matuszewski";
				TargetAttributes = {
					1470567B1D6766F700C0F74B = {
						CreatedOnToolsVersion = 7.3.1;
						DevelopmentTeam = TLA9984P8M;
					};
					1470568F1D6766F800C0F74B = {
						CreatedOnToolsVersion = 7.3.1;
						TestTargetID = 1470567B1D6766F700C0F74B;
					};
					1470569A1D6766F800C0F74B = {
						CreatedOnToolsVersion = 7.3.1;
						TestTargetID = 1470567B1D6766F700C0F74B;
					};
				};
			};
			buildConfigurationList = 147056771D6766F700C0F74B /* Build configuration list for PBXProject "QponyInterviewApp" */;
			compatibilityVersion = "Xcode 3.2";
			developmentRegion = English;
			hasScannedForEncodings = 0;
			knownRegions = (
				en,
				Base,
			);
			mainGroup = 147056731D6766F700C0F74B;
			productRefGroup = 1470567D1D6766F700C0F74B /* Products */;
			projectDirPath = "";
			projectRoot = "";
			targets = (
				1470567B1D6766F700C0F74B /* QponyInterviewApp */,
				1470568F1D6766F800C0F74B /* QponyInterviewAppTests */,
				1470569A1D6766F800C0F74B /* QponyInterviewAppUITests */,
			);
		};
/* End PBXProject section */

/* Begin PBXResourcesBuildPhase section */
		1470567A1D6766F700C0F74B /* Resources */ = {
			isa = PBXResourcesBuildPhase;
			buildActionMask = 2147483647;
			files = (
				1470568A1D6766F700C0F74B /* LaunchScreen.storyboard in Resources */,
				147056871D6766F700C0F74B /* Assets.xcassets in Resources */,
			);
			runOnlyForDeploymentPostprocessing = 0;
		};
		1470568E1D6766F800C0F74B /* Resources */ = {
			isa = PBXResourcesBuildPhase;
			buildActionMask = 2147483647;
			files = (
			);
			runOnlyForDeploymentPostprocessing = 0;
		};
		147056991D6766F800C0F74B /* Resources */ = {
			isa = PBXResourcesBuildPhase;
			buildActionMask = 2147483647;
			files = (
			);
			runOnlyForDeploymentPostprocessing = 0;
		};
/* End PBXResourcesBuildPhase section */

/* Begin PBXShellScriptBuildPhase section */
		C829EC8658306A28E5B9A9ED /* [CP] Check Pods Manifest.lock */ = {
			isa = PBXShellScriptBuildPhase;
			buildActionMask = 2147483647;
			files = (
			);
			inputPaths = (
			);
			name = "[CP] Check Pods Manifest.lock";
			outputPaths = (
			);
			runOnlyForDeploymentPostprocessing = 0;
			shellPath = /bin/sh;
			shellScript = "diff \"${PODS_ROOT}/../Podfile.lock\" \"${PODS_ROOT}/Manifest.lock\" > /dev/null\nif [[ $? != 0 ]] ; then\n    cat << EOM\nerror: The sandbox is not in sync with the Podfile.lock. Run 'pod install' or update your CocoaPods installation.\nEOM\n    exit 1\nfi\n";
			showEnvVarsInLog = 0;
		};
		E2B36E8A67BB039A0EFF1173 /* [CP] Embed Pods Frameworks */ = {
			isa = PBXShellScriptBuildPhase;
			buildActionMask = 2147483647;
			files = (
			);
			inputPaths = (
			);
			name = "[CP] Embed Pods Frameworks";
			outputPaths = (
			);
			runOnlyForDeploymentPostprocessing = 0;
			shellPath = /bin/sh;
			shellScript = "\"${SRCROOT}/Pods/Target Support Files/Pods-QponyInterviewApp/Pods-QponyInterviewApp-frameworks.sh\"\n";
			showEnvVarsInLog = 0;
		};
		F8CE41237E28A161272B76A5 /* [CP] Copy Pods Resources */ = {
			isa = PBXShellScriptBuildPhase;
			buildActionMask = 2147483647;
			files = (
			);
			inputPaths = (
			);
			name = "[CP] Copy Pods Resources";
			outputPaths = (
			);
			runOnlyForDeploymentPostprocessing = 0;
			shellPath = /bin/sh;
			shellScript = "\"${SRCROOT}/Pods/Target Support Files/Pods-QponyInterviewApp/Pods-QponyInterviewApp-resources.sh\"\n";
			showEnvVarsInLog = 0;
		};
/* End PBXShellScriptBuildPhase section */

/* Begin PBXSourcesBuildPhase section */
		147056781D6766F700C0F74B /* Sources */ = {
			isa = PBXSourcesBuildPhase;
			buildActionMask = 2147483647;
			files = (
				1440EF5B1D685ABC00ECFD5B /* CustomButtonExampleViewController.swift in Sources */,
				147056BC1D676CCB00C0F74B /* ForecastViewController.swift in Sources */,
				147056AF1D67687F00C0F74B /* Constants.swift in Sources */,
				147056B01D67687F00C0F74B /* Extensions.swift in Sources */,
				147056B61D67695200C0F74B /* ErrorHandler.swift in Sources */,
				14CF68E11D677D2100CCD7F5 /* CityModel.swift in Sources */,
				14CF68E31D677FE800CCD7F5 /* DayResultModel.swift in Sources */,
				14CF68E51D6783AE00CCD7F5 /* TemperatureModel.swift in Sources */,
				147056B51D67695200C0F74B /* Network.swift in Sources */,
				147056B91D67697300C0F74B /* ResponseModel.swift in Sources */,
				1440EF581D67D2D800ECFD5B /* CustomLabel.swift in Sources */,
				14CF68E91D67A2B400CCD7F5 /* WeatherCollectionViewCell.swift in Sources */,
				147056801D6766F700C0F74B /* AppDelegate.swift in Sources */,
				14CF68E71D678BE000CCD7F5 /* WeatherModel.swift in Sources */,
				1440EF5D1D685B1300ECFD5B /* CustomButton.swift in Sources */,
			);
			runOnlyForDeploymentPostprocessing = 0;
		};
		1470568C1D6766F800C0F74B /* Sources */ = {
			isa = PBXSourcesBuildPhase;
			buildActionMask = 2147483647;
			files = (
				147056951D6766F800C0F74B /* QponyInterviewAppTests.swift in Sources */,
			);
			runOnlyForDeploymentPostprocessing = 0;
		};
		147056971D6766F800C0F74B /* Sources */ = {
			isa = PBXSourcesBuildPhase;
			buildActionMask = 2147483647;
			files = (
				147056A01D6766F800C0F74B /* QponyInterviewAppUITests.swift in Sources */,
			);
			runOnlyForDeploymentPostprocessing = 0;
		};
/* End PBXSourcesBuildPhase section */

/* Begin PBXTargetDependency section */
		147056921D6766F800C0F74B /* PBXTargetDependency */ = {
			isa = PBXTargetDependency;
			target = 1470567B1D6766F700C0F74B /* QponyInterviewApp */;
			targetProxy = 147056911D6766F800C0F74B /* PBXContainerItemProxy */;
		};
		1470569D1D6766F800C0F74B /* PBXTargetDependency */ = {
			isa = PBXTargetDependency;
			target = 1470567B1D6766F700C0F74B /* QponyInterviewApp */;
			targetProxy = 1470569C1D6766F800C0F74B /* PBXContainerItemProxy */;
		};
/* End PBXTargetDependency section */

/* Begin PBXVariantGroup section */
		147056881D6766F700C0F74B /* LaunchScreen.storyboard */ = {
			isa = PBXVariantGroup;
			children = (
				147056891D6766F700C0F74B /* Base */,
			);
			name = LaunchScreen.storyboard;
			sourceTree = "<group>";
		};
/* End PBXVariantGroup section */

/* Begin XCBuildConfiguration section */
		147056A21D6766F800C0F74B /* Debug */ = {
			isa = XCBuildConfiguration;
			buildSettings = {
				ALWAYS_SEARCH_USER_PATHS = NO;
				CLANG_ANALYZER_NONNULL = YES;
				CLANG_CXX_LANGUAGE_STANDARD = "gnu++0x";
				CLANG_CXX_LIBRARY = "libc++";
				CLANG_ENABLE_MODULES = YES;
				CLANG_ENABLE_OBJC_ARC = YES;
				CLANG_WARN_BOOL_CONVERSION = YES;
				CLANG_WARN_CONSTANT_CONVERSION = YES;
				CLANG_WARN_DIRECT_OBJC_ISA_USAGE = YES_ERROR;
				CLANG_WARN_EMPTY_BODY = YES;
				CLANG_WARN_ENUM_CONVERSION = YES;
				CLANG_WARN_INT_CONVERSION = YES;
				CLANG_WARN_OBJC_ROOT_CLASS = YES_ERROR;
				CLANG_WARN_UNREACHABLE_CODE = YES;
				CLANG_WARN__DUPLICATE_METHOD_MATCH = YES;
				"CODE_SIGN_IDENTITY[sdk=iphoneos*]" = "iPhone Developer";
				COPY_PHASE_STRIP = NO;
				DEBUG_INFORMATION_FORMAT = dwarf;
				ENABLE_STRICT_OBJC_MSGSEND = YES;
				ENABLE_TESTABILITY = YES;
				GCC_C_LANGUAGE_STANDARD = gnu99;
				GCC_DYNAMIC_NO_PIC = NO;
				GCC_NO_COMMON_BLOCKS = YES;
				GCC_OPTIMIZATION_LEVEL = 0;
				GCC_PREPROCESSOR_DEFINITIONS = (
					"DEBUG=1",
					"$(inherited)",
				);
				GCC_WARN_64_TO_32_BIT_CONVERSION = YES;
				GCC_WARN_ABOUT_RETURN_TYPE = YES_ERROR;
				GCC_WARN_UNDECLARED_SELECTOR = YES;
				GCC_WARN_UNINITIALIZED_AUTOS = YES_AGGRESSIVE;
				GCC_WARN_UNUSED_FUNCTION = YES;
				GCC_WARN_UNUSED_VARIABLE = YES;
				IPHONEOS_DEPLOYMENT_TARGET = 9.3;
				MTL_ENABLE_DEBUG_INFO = YES;
				ONLY_ACTIVE_ARCH = YES;
				SDKROOT = iphoneos;
				SWIFT_OPTIMIZATION_LEVEL = "-Onone";
			};
			name = Debug;
		};
		147056A31D6766F800C0F74B /* Release */ = {
			isa = XCBuildConfiguration;
			buildSettings = {
				ALWAYS_SEARCH_USER_PATHS = NO;
				CLANG_ANALYZER_NONNULL = YES;
				CLANG_CXX_LANGUAGE_STANDARD = "gnu++0x";
				CLANG_CXX_LIBRARY = "libc++";
				CLANG_ENABLE_MODULES = YES;
				CLANG_ENABLE_OBJC_ARC = YES;
				CLANG_WARN_BOOL_CONVERSION = YES;
				CLANG_WARN_CONSTANT_CONVERSION = YES;
				CLANG_WARN_DIRECT_OBJC_ISA_USAGE = YES_ERROR;
				CLANG_WARN_EMPTY_BODY = YES;
				CLANG_WARN_ENUM_CONVERSION = YES;
				CLANG_WARN_INT_CONVERSION = YES;
				CLANG_WARN_OBJC_ROOT_CLASS = YES_ERROR;
				CLANG_WARN_UNREACHABLE_CODE = YES;
				CLANG_WARN__DUPLICATE_METHOD_MATCH = YES;
				"CODE_SIGN_IDENTITY[sdk=iphoneos*]" = "iPhone Developer";
				COPY_PHASE_STRIP = NO;
				DEBUG_INFORMATION_FORMAT = "dwarf-with-dsym";
				ENABLE_NS_ASSERTIONS = NO;
				ENABLE_STRICT_OBJC_MSGSEND = YES;
				GCC_C_LANGUAGE_STANDARD = gnu99;
				GCC_NO_COMMON_BLOCKS = YES;
				GCC_WARN_64_TO_32_BIT_CONVERSION = YES;
				GCC_WARN_ABOUT_RETURN_TYPE = YES_ERROR;
				GCC_WARN_UNDECLARED_SELECTOR = YES;
				GCC_WARN_UNINITIALIZED_AUTOS = YES_AGGRESSIVE;
				GCC_WARN_UNUSED_FUNCTION = YES;
				GCC_WARN_UNUSED_VARIABLE = YES;
				IPHONEOS_DEPLOYMENT_TARGET = 9.3;
				MTL_ENABLE_DEBUG_INFO = NO;
				SDKROOT = iphoneos;
				VALIDATE_PRODUCT = YES;
			};
			name = Release;
		};
		147056A51D6766F800C0F74B /* Debug */ = {
			isa = XCBuildConfiguration;
			baseConfigurationReference = 111E231BA26F8E5CC9BAE8AF /* Pods-QponyInterviewApp.debug.xcconfig */;
			buildSettings = {
				ASSETCATALOG_COMPILER_APPICON_NAME = AppIcon;
				CODE_SIGN_IDENTITY = "iPhone Developer";
				INFOPLIST_FILE = QponyInterviewApp/Info.plist;
				LD_RUNPATH_SEARCH_PATHS = "$(inherited) @executable_path/Frameworks";
				PRODUCT_BUNDLE_IDENTIFIER = com.matuszewski.QponyInterviewApp;
				PRODUCT_NAME = "$(TARGET_NAME)";
			};
			name = Debug;
		};
		147056A61D6766F800C0F74B /* Release */ = {
			isa = XCBuildConfiguration;
			baseConfigurationReference = 2D736EFAE2B41AE63FCC872F /* Pods-QponyInterviewApp.release.xcconfig */;
			buildSettings = {
				ASSETCATALOG_COMPILER_APPICON_NAME = AppIcon;
				CODE_SIGN_IDENTITY = "iPhone Developer";
				INFOPLIST_FILE = QponyInterviewApp/Info.plist;
				LD_RUNPATH_SEARCH_PATHS = "$(inherited) @executable_path/Frameworks";
				PRODUCT_BUNDLE_IDENTIFIER = com.matuszewski.QponyInterviewApp;
				PRODUCT_NAME = "$(TARGET_NAME)";
			};
			name = Release;
		};
		147056A81D6766F800C0F74B /* Debug */ = {
			isa = XCBuildConfiguration;
			buildSettings = {
				BUNDLE_LOADER = "$(TEST_HOST)";
				INFOPLIST_FILE = QponyInterviewAppTests/Info.plist;
				LD_RUNPATH_SEARCH_PATHS = "$(inherited) @executable_path/Frameworks @loader_path/Frameworks";
				PRODUCT_BUNDLE_IDENTIFIER = com.matuszewski.QponyInterviewAppTests;
				PRODUCT_NAME = "$(TARGET_NAME)";
				TEST_HOST = "$(BUILT_PRODUCTS_DIR)/QponyInterviewApp.app/QponyInterviewApp";
			};
			name = Debug;
		};
		147056A91D6766F800C0F74B /* Release */ = {
			isa = XCBuildConfiguration;
			buildSettings = {
				BUNDLE_LOADER = "$(TEST_HOST)";
				INFOPLIST_FILE = QponyInterviewAppTests/Info.plist;
				LD_RUNPATH_SEARCH_PATHS = "$(inherited) @executable_path/Frameworks @loader_path/Frameworks";
				PRODUCT_BUNDLE_IDENTIFIER = com.matuszewski.QponyInterviewAppTests;
				PRODUCT_NAME = "$(TARGET_NAME)";
				TEST_HOST = "$(BUILT_PRODUCTS_DIR)/QponyInterviewApp.app/QponyInterviewApp";
			};
			name = Release;
		};
		147056AB1D6766F800C0F74B /* Debug */ = {
			isa = XCBuildConfiguration;
			buildSettings = {
				INFOPLIST_FILE = QponyInterviewAppUITests/Info.plist;
				LD_RUNPATH_SEARCH_PATHS = "$(inherited) @executable_path/Frameworks @loader_path/Frameworks";
				PRODUCT_BUNDLE_IDENTIFIER = com.matuszewski.QponyInterviewAppUITests;
				PRODUCT_NAME = "$(TARGET_NAME)";
				TEST_TARGET_NAME = QponyInterviewApp;
			};
			name = Debug;
		};
		147056AC1D6766F800C0F74B /* Release */ = {
			isa = XCBuildConfiguration;
			buildSettings = {
				INFOPLIST_FILE = QponyInterviewAppUITests/Info.plist;
				LD_RUNPATH_SEARCH_PATHS = "$(inherited) @executable_path/Frameworks @loader_path/Frameworks";
				PRODUCT_BUNDLE_IDENTIFIER = com.matuszewski.QponyInterviewAppUITests;
				PRODUCT_NAME = "$(TARGET_NAME)";
				TEST_TARGET_NAME = QponyInterviewApp;
			};
			name = Release;
		};
/* End XCBuildConfiguration section */

/* Begin XCConfigurationList section */
		147056771D6766F700C0F74B /* Build configuration list for PBXProject "QponyInterviewApp" */ = {
			isa = XCConfigurationList;
			buildConfigurations = (
				147056A21D6766F800C0F74B /* Debug */,
				147056A31D6766F800C0F74B /* Release */,
			);
			defaultConfigurationIsVisible = 0;
			defaultConfigurationName = Release;
		};
		147056A41D6766F800C0F74B /* Build configuration list for PBXNativeTarget "QponyInterviewApp" */ = {
			isa = XCConfigurationList;
			buildConfigurations = (
				147056A51D6766F800C0F74B /* Debug */,
				147056A61D6766F800C0F74B /* Release */,
			);
			defaultConfigurationIsVisible = 0;
			defaultConfigurationName = Release;
		};
		147056A71D6766F800C0F74B /* Build configuration list for PBXNativeTarget "QponyInterviewAppTests" */ = {
			isa = XCConfigurationList;
			buildConfigurations = (
				147056A81D6766F800C0F74B /* Debug */,
				147056A91D6766F800C0F74B /* Release */,
			);
			defaultConfigurationIsVisible = 0;
			defaultConfigurationName = Release;
		};
		147056AA1D6766F800C0F74B /* Build configuration list for PBXNativeTarget "QponyInterviewAppUITests" */ = {
			isa = XCConfigurationList;
			buildConfigurations = (
				147056AB1D6766F800C0F74B /* Debug */,
				147056AC1D6766F800C0F74B /* Release */,
			);
			defaultConfigurationIsVisible = 0;
			defaultConfigurationName = Release;
		};
/* End XCConfigurationList section */
	};
	rootObject = 147056741D6766F700C0F74B /* Project object */;
}
